# THIS IS AN AUTOGENERATED FILE. DO NOT EDIT THIS FILE DIRECTLY.
assets/77ecc960973800bc72474ed1798c32e9.js:
  development: 2018-04-01T18:03:02+02:00   b2f291522f093f0b3f512656f2a7c122
assets/app.js.liquid:
  development: 2018-04-02T15:42:16+02:00   857b7e1ec2264cdec095a4c95280d0a0
assets/arrow_sprite.png:
  development: 2018-04-01T18:03:05+02:00   905ff26ade09df36d88d5a1a92c957e5
assets/blank.gif:
  development: 2018-04-01T18:03:05+02:00   325472601571f31e1bf00674c368d335
assets/fancybox_loading.gif:
  development: 2018-04-01T18:03:05+02:00   c218dbf7ac2ddd127aae402f5fc8673b
assets/fancybox_overlay.png:
  development: 2018-04-01T18:03:06+02:00   c257ca95964b17929355766498e8403c
assets/favicon.png:
  development: 2018-04-01T18:03:06+02:00   c7f7681bcb67cd394e50fc7cbcc83351
assets/gift-card.scss.liquid:
  development: 2018-04-01T18:03:06+02:00   0ff6bd335a68c1219fa3ede906469d65
assets/ie.css.liquid:
  development: 2018-04-01T18:03:06+02:00   0bb2ee978ed3096003c73c613e272527
assets/jquery.cart.min.js:
  development: 2018-04-01T18:03:06+02:00   f5e01e69e7327ceea4de4217232a3c43
assets/jquery.currencies.min.js:
  development: 2018-04-02T15:42:23+02:00   5a667ef8e9c95cfba4e752373a2e6a4c
assets/loader.gif:
  development: 2018-04-01T18:03:06+02:00   ae8189a1eda896ee867dcd220d45eef6
assets/loader2x.gif:
  development: 2018-04-01T18:03:06+02:00   5a2947183e2989a31c9a88d69892cab2
assets/password-page-background.jpg:
  development: 2018-04-01T18:03:07+02:00   2cc995b92c04dd9aa33ae44e4ca11f7a
assets/retina.eot:
  development: 2018-04-01T18:03:07+02:00   bb0039993befe57292f4628c70a847a5
assets/retina.svg:
  development: 2018-04-01T18:03:07+02:00   e22fa33b4bbc9b0968b5441e53bd2cba
assets/retina.ttf:
  development: 2018-04-01T18:03:07+02:00   c7012e5a40658ca23036e90d7e97528e
assets/retina.woff:
  development: 2018-04-01T18:03:07+02:00   70fe8ce3e8bcb323564806a6b311d197
assets/search.jpg:
  development: 2018-04-01T18:03:07+02:00   fd6de5401d3a484cb514b941c7fd8157
assets/search2x.jpg:
  development: 2018-04-01T18:03:07+02:00   aec2fdccc05c43ad0adaac6e853a9c65
assets/select.png:
  development: 2018-04-01T18:03:07+02:00   75c9a3547a30c43a7e3ed320dda97233
assets/slideshow_1.jpg:
  development: 2018-04-01T18:03:08+02:00   aedf9e3859c17792f1ca54030daeee92
assets/soldout.png:
  development: 2018-04-01T18:03:08+02:00   6a7697db19e17aae7568e216c2b365af
assets/sovi_cs_bg.png:
  development: 2018-04-01T18:03:09+02:00   b0f1c2d2d8dc650dc3f6d102d4a22618
assets/sovi_cs_favicon.png:
  development: 2018-04-01T18:03:09+02:00   9e12d5552b9262c50cc9082d7cb06b5c
assets/sovi_cs_logo.png:
  development: 2018-04-01T18:03:09+02:00   28d3ca6405d015f37c88a9ece86b03b7
assets/styles.scss.liquid:
  development: 2018-04-01T18:54:16+02:00   06e68007e6af993b47a568e891a92f71
config/settings_data.json:
  development: 2018-04-01T18:15:51+02:00   c6cc04ae6c7b659c363f9ad074f72e3d
config/settings_schema.json:
  development: 2018-04-01T18:19:53+02:00   99f6e7f6b3fde4ac52137a9ca8f500d4
layout/theme.fullwidth.liquid:
  development: 2018-04-01T18:03:09+02:00   5369151d347302ef4ebaf7da737c168e
layout/theme.liquid:
  development: 2018-04-02T15:55:54+02:00   baf96afa9dd48cae186d6bcd3a81f94e
locales/de.json:
  development: 2018-04-02T15:42:46+02:00   ed3dc7aa1b6e8ecd067d1ddc4cc4ca5d
locales/en.default.json:
  development: 2018-04-02T15:42:16+02:00   f2a51280af0e20809e43b0fded674aa3
locales/es.json:
  development: 2018-04-02T15:42:12+02:00   2bfc585e1aa0f458b4105c624e435f6b
locales/fr.json:
  development: 2018-04-02T15:42:26+02:00   5c47128de42eaeff77d116620b3187dc
locales/pt-BR.json:
  development: 2018-04-02T15:42:41+02:00   9a857af7d69d9b666c4be908e4162d56
locales/pt-PT.json:
  development: 2018-04-02T15:42:04+02:00   d8cc962ed61a772b89b8ca2b9dbb5e8b
locales/zh-CN.json:
  development: 2018-04-02T15:42:33+02:00   e390e275d5054d2ec90b0227963d09ad
sections/article-template.liquid:
  development: 2018-04-01T18:03:00+02:00   9203b38f98cecf75d00313a5386155d9
sections/blog-template.liquid:
  development: 2018-04-01T18:03:00+02:00   430cf219d7dc0f9442981b8e6402fa30
sections/cart-template.liquid:
  development: 2018-04-01T18:03:00+02:00   acf787c27edc30fcd86d8a76b5c83541
sections/collection-banner-template.liquid:
  development: 2018-04-01T18:03:00+02:00   fe7282e00cea7d5c68481279fc45b3dd
sections/collection-list.liquid:
  development: 2018-04-01T18:03:00+02:00   55afbae72524d3625133b8e3d2be460e
sections/collection-sub-collections-template.liquid:
  development: 2018-04-01T18:03:00+02:00   8a5c0109db66099b41d237d8fe453d3e
sections/collection-template.liquid:
  development: 2018-04-01T18:03:00+02:00   218247bf193b7b172446795f754716b0
sections/contact-template.liquid:
  development: 2018-04-01T18:03:00+02:00   27395c1340e0bef30d5570134d30a32e
sections/content-page.liquid:
  development: 2018-04-01T18:03:00+02:00   e954def65a6afe36e8549b4709ae36c6
sections/featured-collection.liquid:
  development: 2018-04-01T18:03:01+02:00   79366c05adacff2d6f0e1611ff48a0fe
sections/featured-products.liquid:
  development: 2018-04-01T18:03:01+02:00   293d5f50a12e832631610a279690f7a0
sections/featured-promotions.liquid:
  development: 2018-04-01T18:03:01+02:00   41353dc0764c1db3b4f61ad2ba19b848
sections/featured-text.liquid:
  development: 2018-04-01T18:03:01+02:00   a068bef6eed99ccdc769abd27d67f219
sections/footer.liquid:
  development: 2018-04-01T18:54:54+02:00   afd885d5d8eb77a05d7dada3b76d3720
sections/gallery.liquid:
  development: 2018-04-01T18:03:01+02:00   30cfaeb11ec6ba3ead9524863d162697
sections/header.liquid:
  development: 2018-04-02T15:42:02+02:00   3a3ef61ee90df158d8e00e6c7ca24632
sections/image-text.liquid:
  development: 2018-04-01T18:03:01+02:00   b9d0949de9fa9b04803b1b7503ebd29c
sections/image-with-text-overlay-section.liquid:
  development: 2018-04-01T18:03:01+02:00   b169c5bffe1630cd99d200eeb94aeeed
sections/instagram.liquid:
  development: 2018-04-01T18:03:01+02:00   80a83d1aff6ba927622bf04deda7e85f
sections/list-collections-template.liquid:
  development: 2018-04-01T18:03:01+02:00   eaf7ff1917265934c00a4fa261182e11
sections/logo-bar.liquid:
  development: 2018-04-01T18:03:01+02:00   aa81889db15d6fb18f73cce6b738f464
sections/page-sidebar-template.liquid:
  development: 2018-04-01T18:03:01+02:00   5ba525badb0de26f492456411fd0462a
sections/product-description-bottom-template.liquid:
  development: 2018-04-01T18:03:02+02:00   7c589ddb37db5ae486d5718b7aa28647
sections/product-details-black.liquid:
  development: 2018-04-01T18:03:02+02:00   6bd5640f684e21d3bd66d76ebb634e73
sections/product-details-template.liquid:
  development: 2018-04-01T18:03:02+02:00   6bd5640f684e21d3bd66d76ebb634e73
sections/product-template.liquid:
  development: 2018-04-01T18:03:02+02:00   99be8cbadb79a09bb8b01e81833aad76
sections/search-template.liquid:
  development: 2018-04-01T18:03:02+02:00   263d962f8a9b7463855eef4a4a7d3aad
sections/slideshow.liquid:
  development: 2018-04-01T18:03:02+02:00   27601a0bebb4b318bcf794851f9d13cd
sections/testimonial.liquid:
  development: 2018-04-01T18:03:02+02:00   0f1328ffdbd531de497c26c5ba8190de
sections/twitter-blog.liquid:
  development: 2018-04-01T18:03:02+02:00   347b49bc3ddb9f94b9d75310b162e1aa
sections/video.liquid:
  development: 2018-04-01T18:03:02+02:00   94267a1e8fefa38c6bbe53cd7a8ded06
snippets/bk-tracking.liquid:
  development: 2018-04-01T18:03:10+02:00   57aebd67a2b1306fc0e8fa909b306937
snippets/blog-sidebar.liquid:
  development: 2018-04-01T18:03:10+02:00   00351a3133537633a9e8e52f2a83e3c1
snippets/cart-shipping-calculator.liquid:
  development: 2018-04-01T18:03:10+02:00   225a900dcedc596a170a816f2d13ab7b
snippets/collection-loop.liquid:
  development: 2018-04-01T18:03:10+02:00   84fd2cb6c70d5fa9075ce2235f4b5200
snippets/collection-swatch.liquid:
  development: 2018-04-01T18:03:10+02:00   56bd21851cc19efaf0d26bcc7a1529fa
snippets/currencies-switcher.liquid:
  development: 2018-04-01T18:03:10+02:00   a421123ab88e2257676698e928c5ec96
snippets/currencies.liquid:
  development: 2018-04-01T18:03:10+02:00   9d131abe3f37f7058a11770896a460ff
snippets/eu-cookie-banner-app.liquid:
  development: 2018-04-02T15:42:27+02:00   19acd56771cf3a0f6996d925684f6631
snippets/klaviyo-newsletter.liquid:
  development: 2018-04-01T18:03:10+02:00   d145497756eeac6975221a1c2351b85f
snippets/newsletter-popup.liquid:
  development: 2018-04-02T15:42:02+02:00   a9cbb71a2e9dfefe0357548edd99c786
snippets/newsletter.liquid:
  development: 2018-04-01T18:03:11+02:00   72bf1bfecbb77a6a42e9827f59815c70
snippets/page-multi-column.liquid:
  development: 2018-04-01T18:03:11+02:00   38d2921aab7365802beefae5b9e526d6
snippets/pagination.liquid:
  development: 2018-04-01T18:03:11+02:00   31cc061c367b3709001a33b084e70eeb
snippets/product-form.liquid:
  development: 2018-04-01T18:03:11+02:00   72749211cb761a65cd6f9cad6cce00f9
snippets/product-images.liquid:
  development: 2018-04-01T18:03:11+02:00   dc77174602854fa9d2eee98992aa2e31
snippets/product-loop.liquid:
  development: 2018-04-01T18:03:11+02:00   d406dd27303ed4b296c0f1eaec388f13
snippets/product-notify-me.liquid:
  development: 2018-04-01T18:03:11+02:00   852fa67b1f1647db4d4e8b5f6b63a317
snippets/product-swatch.liquid:
  development: 2018-04-01T18:03:11+02:00   a8f61145707de3fbf37e0740a3484c17
snippets/product-thumbnail.liquid:
  development: 2018-04-01T18:03:11+02:00   831697ce9085a9978e6a8315d12c7923
snippets/sidebar.liquid:
  development: 2018-04-01T18:03:11+02:00   a336178ba161c60346b0189033535553
snippets/size-chart-popup.liquid:
  development: 2018-04-01T18:03:11+02:00   dade9d2f073664ceaac379f0ad06d785
snippets/social-buttons.liquid:
  development: 2018-04-01T18:03:11+02:00   ec10a8d5e429a7b51e64b5fa3cd998e5
snippets/social-icons.liquid:
  development: 2018-04-01T18:03:11+02:00   6a4a0110dabc4fd98e48e53ba7631d44
snippets/social-meta-info.liquid:
  development: 2018-04-01T18:03:11+02:00   60f58fb66cbe89a359ea353a5da209bc
snippets/transportr.liquid:
  development: 2018-04-01T18:03:11+02:00   631b55bbb8be998fbc7cfd6e2145a2b0
templates/404.liquid:
  development: 2018-04-01T18:03:11+02:00   f0476d5a4e80a0f3bb2d0cfaed1a43b0
templates/article.liquid:
  development: 2018-04-01T18:03:12+02:00   08563437ca9c95766c220339923d2899
templates/blog.liquid:
  development: 2018-04-01T18:03:12+02:00   bd179039c27ce5491916345176d4d173
templates/cart.liquid:
  development: 2018-04-01T18:03:12+02:00   bba3c715f8c51f0520b3bd1a49ca90dc
templates/collection.banner.liquid:
  development: 2018-04-01T18:03:12+02:00   875e7b5d24e5060e10ebbfd35effe6f6
templates/collection.liquid:
  development: 2018-04-01T18:03:12+02:00   5db0256874fca1cc72a6f068888fe095
templates/collection.sub-collections.liquid:
  development: 2018-04-01T18:03:12+02:00   8630d0a54ecb667affa542a1771f3132
templates/customers/account.liquid:
  development: 2018-04-01T18:03:12+02:00   919cee052e92725902ae304af5a6c41e
templates/customers/activate_account.liquid:
  development: 2018-04-01T18:03:12+02:00   e5857b5fbb82f53a5f16228fcf73f2de
templates/customers/addresses.liquid:
  development: 2018-04-01T18:03:12+02:00   f14c5ed440705986d6f865de0c0bf41d
templates/customers/login.liquid:
  development: 2018-04-01T18:03:12+02:00   8039f12250a6d8000703b8598c015cda
templates/customers/order.liquid:
  development: 2018-04-01T18:03:12+02:00   e9e8431dd3969f2d44b541b05ef78b76
templates/customers/register.liquid:
  development: 2018-04-01T18:03:12+02:00   fb3fb9a907eaa911a7b146a994da86be
templates/customers/reset_password.liquid:
  development: 2018-04-01T18:03:12+02:00   2a849b6ce2319415f16ad3527db0b64a
templates/gift_card.liquid:
  development: 2018-04-01T18:03:12+02:00   5906880ae95ed224f0445e9acde17ba2
templates/index.liquid:
  development: 2018-04-01T18:03:12+02:00   f79f45304db08806b224656bf8d56e7c
templates/list-collections.liquid:
  development: 2018-04-01T18:03:12+02:00   6c951a94c4d7b8b9e36c0e655df45ed5
templates/page.contact.liquid:
  development: 2018-04-01T18:03:13+02:00   0d0d60a8f9f8ea9bfd213d74b668f297
templates/page.gallery.liquid:
  development: 2018-04-01T18:03:13+02:00   b43c8932c555980e03c720c59da665da
templates/page.liquid:
  development: 2018-04-01T18:03:13+02:00   28ad0a18db454b13aeebb3b36dc5c3dd
templates/page.multi-column.liquid:
  development: 2018-04-01T18:03:13+02:00   28ad0a18db454b13aeebb3b36dc5c3dd
templates/page.narrow.liquid:
  development: 2018-04-01T18:03:13+02:00   53ac2948ddee796e23e25f7617383cd9
templates/page.no-title.liquid:
  development: 2018-04-01T18:03:13+02:00   1e8ce656012ebcd7e7b90a97f1da9bcc
templates/page.sidebar.liquid:
  development: 2018-04-01T18:03:13+02:00   a6e66bf06484751c1d9abfdd3dd1a775
templates/page.studio.fullwidth.liquid:
  development: 2018-04-01T18:03:13+02:00   54127cd2abd2d27b995b331059382dc0
templates/page.studio.liquid:
  development: 2018-04-01T18:03:13+02:00   b5660978bee8c42b19b0b7fdcf675cd3
templates/page.wide.liquid:
  development: 2018-04-01T18:03:13+02:00   e01468e493ea255903f68b41c215f048
templates/password.liquid:
  development: 2018-04-01T18:03:13+02:00   43fb64f2d090a752ecbaf091d6f00b21
templates/product.description-bottom.liquid:
  development: 2018-04-01T18:03:13+02:00   109cedd2a2206ae3660ffd525e4058e0
templates/product.details-black.liquid:
  development: 2018-04-01T18:03:13+02:00   2bf91b59c19d4d92ada98def76f39252
templates/product.details.liquid:
  development: 2018-04-01T18:03:13+02:00   0ae3e849dfa37d233aacce65fd85a01b
templates/product.liquid:
  development: 2018-04-01T18:03:13+02:00   56de174f6e06f37cbac682a55fa6ca13
templates/search.liquid:
  development: 2018-04-01T18:03:13+02:00   d8bfdd344b4a35a7ba9c6efc1c870203
